{
  "object": {
    "pins": [
      {
        "package": "Kanna",
        "repositoryURL": "https://github.com/tid-kijyun/Kanna",
        "state": {
          "branch": null,
          "revision": "609367a2cd84827a33383cf7923cb4fe8f69ee0a",
          "version": "5.2.2"
        }
      }
    ]
  },
  "version": 1
}
